// !$*UTF8*$!
{
	archiveVersion = 1;
	classes = {
	};
	objectVersion = 50;
	objects = {

/* Begin PBXBuildFile section */
		9DABFB7D2613BB270053A524 /* AppDelegate.swift in Sources */ = {isa = PBXBuildFile; fileRef = 9DABFB7C2613BB270053A524 /* AppDelegate.swift */; };
		9DABFB7F2613BB270053A524 /* SceneDelegate.swift in Sources */ = {isa = PBXBuildFile; fileRef = 9DABFB7E2613BB270053A524 /* SceneDelegate.swift */; };
		9DABFB812613BB270053A524 /* ViewController.swift in Sources */ = {isa = PBXBuildFile; fileRef = 9DABFB802613BB270053A524 /* ViewController.swift */; };
		9DABFB842613BB270053A524 /* Main.storyboard in Resources */ = {isa = PBXBuildFile; fileRef = 9DABFB822613BB270053A524 /* Main.storyboard */; };
		9DABFB872613BB270053A524 /* HackwichNine.xcdatamodeld in Sources */ = {isa = PBXBuildFile; fileRef = 9DABFB852613BB270053A524 /* HackwichNine.xcdatamodeld */; };
		9DABFB892613BB270053A524 /* Assets.xcassets in Resources */ = {isa = PBXBuildFile; fileRef = 9DABFB882613BB270053A524 /* Assets.xcassets */; };
		9DABFB8C2613BB270053A524 /* LaunchScreen.storyboard in Resources */ = {isa = PBXBuildFile; fileRef = 9DABFB8A2613BB270053A524 /* LaunchScreen.storyboard */; };
		9DABFB972613BB270053A524 /* HackwichNineTests.swift in Sources */ = {isa = PBXBuildFile; fileRef = 9DABFB962613BB270053A524 /* HackwichNineTests.swift */; };
		9DABFBA22613BB270053A524 /* HackwichNineUITests.swift in Sources */ = {isa = PBXBuildFile; fileRef = 9DABFBA12613BB270053A524 /* HackwichNineUITests.swift */; };
/* End PBXBuildFile section */

/* Begin PBXContainerItemProxy section */
		9DABFB932613BB270053A524 /* PBXContainerItemProxy */ = {
			isa = PBXContainerItemProxy;
			containerPortal = 9DABFB712613BB270053A524 /* Project object */;
			proxyType = 1;
			remoteGlobalIDString = 9DABFB782613BB270053A524;
			remoteInfo = HackwichNine;
		};
		9DABFB9E2613BB270053A524 /* PBXContainerItemProxy */ = {
			isa = PBXContainerItemProxy;
			containerPortal = 9DABFB712613BB270053A524 /* Project object */;
			proxyType = 1;
			remoteGlobalIDString = 9DABFB782613BB270053A524;
			remoteInfo = HackwichNine;
		};
/* End PBXContainerItemProxy section */

/* Begin PBXFileReference section */
		9DABFB792613BB270053A524 /* HackwichNine.app */ = {isa = PBXFileReference; explicitFileType = wrapper.application; includeInIndex = 0; path = HackwichNine.app; sourceTree = BUILT_PRODUCTS_DIR; };
		9DABFB7C2613BB270053A524 /* AppDelegate.swift */ = {isa = PBXFileReference; lastKnownFileType = sourcecode.swift; path = AppDelegate.swift; sourceTree = "<group>"; };
		9DABFB7E2613BB270053A524 /* SceneDelegate.swift */ = {isa = PBXFileReference; lastKnownFileType = sourcecode.swift; path = SceneDelegate.swift; sourceTree = "<group>"; };
		9DABFB802613BB270053A524 /* ViewController.swift */ = {isa = PBXFileReference; lastKnownFileType = sourcecode.swift; path = ViewController.swift; sourceTree = "<group>"; };
		9DABFB832613BB270053A524 /* Base */ = {isa = PBXFileReference; lastKnownFileType = file.storyboard; name = Base; path = Base.lproj/Main.storyboard; sourceTree = "<group>"; };
		9DABFB862613BB270053A524 /* HackwichNine.xcdatamodel */ = {isa = PBXFileReference; lastKnownFileType = wrapper.xcdatamodel; path = HackwichNine.xcdatamodel; sourceTree = "<group>"; };
		9DABFB882613BB270053A524 /* Assets.xcassets */ = {isa = PBXFileReference; lastKnownFileType = folder.assetcatalog; path = Assets.xcassets; sourceTree = "<group>"; };
		9DABFB8B2613BB270053A524 /* Base */ = {isa = PBXFileReference; lastKnownFileType = file.storyboard; name = Base; path = Base.lproj/LaunchScreen.storyboard; sourceTree = "<group>"; };
		9DABFB8D2613BB270053A524 /* Info.plist */ = {isa = PBXFileReference; lastKnownFileType = text.plist.xml; path = Info.plist; sourceTree = "<group>"; };
		9DABFB922613BB270053A524 /* HackwichNineTests.xctest */ = {isa = PBXFileReference; explicitFileType = wrapper.cfbundle; includeInIndex = 0; path = HackwichNineTests.xctest; sourceTree = BUILT_PRODUCTS_DIR; };
		9DABFB962613BB270053A524 /* HackwichNineTests.swift */ = {isa = PBXFileReference; lastKnownFileType = sourcecode.swift; path = HackwichNineTests.swift; sourceTree = "<group>"; };
		9DABFB982613BB270053A524 /* Info.plist */ = {isa = PBXFileReference; lastKnownFileType = text.plist.xml; path = Info.plist; sourceTree = "<group>"; };
		9DABFB9D2613BB270053A524 /* HackwichNineUITests.xctest */ = {isa = PBXFileReference; explicitFileType = wrapper.cfbundle; includeInIndex = 0; path = HackwichNineUITests.xctest; sourceTree = BUILT_PRODUCTS_DIR; };
		9DABFBA12613BB270053A524 /* HackwichNineUITests.swift */ = {isa = PBXFileReference; lastKnownFileType = sourcecode.swift; path = HackwichNineUITests.swift; sourceTree = "<group>"; };
		9DABFBA32613BB270053A524 /* Info.plist */ = {isa = PBXFileReference; lastKnownFileType = text.plist.xml; path = Info.plist; sourceTree = "<group>"; };
/* End PBXFileReference section */

/* Begin PBXFrameworksBuildPhase section */
		9DABFB762613BB270053A524 /* Frameworks */ = {
			isa = PBXFrameworksBuildPhase;
			buildActionMask = 2147483647;
			files = (
			);
			runOnlyForDeploymentPostprocessing = 0;
		};
		9DABFB8F2613BB270053A524 /* Frameworks */ = {
			isa = PBXFrameworksBuildPhase;
			buildActionMask = 2147483647;
			files = (
			);
			runOnlyForDeploymentPostprocessing = 0;
		};
		9DABFB9A2613BB270053A524 /* Frameworks */ = {
			isa = PBXFrameworksBuildPhase;
			buildActionMask = 2147483647;
			files = (
			);
			runOnlyForDeploymentPostprocessing = 0;
		};
/* End PBXFrameworksBuildPhase section */

/* Begin PBXGroup section */
		9DABFB702613BB270053A524 = {
			isa = PBXGroup;
			children = (
				9DABFB7B2613BB270053A524 /* HackwichNine */,
				9DABFB952613BB270053A524 /* HackwichNineTests */,
				9DABFBA02613BB270053A524 /* HackwichNineUITests */,
				9DABFB7A2613BB270053A524 /* Products */,
			);
			sourceTree = "<group>";
		};
		9DABFB7A2613BB270053A524 /* Products */ = {
			isa = PBXGroup;
			children = (
				9DABFB792613BB270053A524 /* HackwichNine.app */,
				9DABFB922613BB270053A524 /* HackwichNineTests.xctest */,
				9DABFB9D2613BB270053A524 /* HackwichNineUITests.xctest */,
			);
			name = Products;
			sourceTree = "<group>";
		};
		9DABFB7B2613BB270053A524 /* HackwichNine */ = {
			isa = PBXGroup;
			children = (
				9DABFB7C2613BB270053A524 /* AppDelegate.swift */,
				9DABFB7E2613BB270053A524 /* SceneDelegate.swift */,
				9DABFB802613BB270053A524 /* ViewController.swift */,
				9DABFB822613BB270053A524 /* Main.storyboard */,
				9DABFB882613BB270053A524 /* Assets.xcassets */,
				9DABFB8A2613BB270053A524 /* LaunchScreen.storyboard */,
				9DABFB8D2613BB270053A524 /* Info.plist */,
				9DABFB852613BB270053A524 /* HackwichNine.xcdatamodeld */,
			);
			path = HackwichNine;
			sourceTree = "<group>";
		};
		9DABFB952613BB270053A524 /* HackwichNineTests */ = {
			isa = PBXGroup;
			children = (
				9DABFB962613BB270053A524 /* HackwichNineTests.swift */,
				9DABFB982613BB270053A524 /* Info.plist */,
			);
			path = HackwichNineTests;
			sourceTree = "<group>";
		};
		9DABFBA02613BB270053A524 /* HackwichNineUITests */ = {
			isa = PBXGroup;
			children = (
				9DABFBA12613BB270053A524 /* HackwichNineUITests.swift */,
				9DABFBA32613BB270053A524 /* Info.plist */,
			);
			path = HackwichNineUITests;
			sourceTree = "<group>";
		};
/* End PBXGroup section */

/* Begin PBXNativeTarget section */
		9DABFB782613BB270053A524 /* HackwichNine */ = {
			isa = PBXNativeTarget;
			buildConfigurationList = 9DABFBA62613BB270053A524 /* Build configuration list for PBXNativeTarget "HackwichNine" */;
			buildPhases = (
				9DABFB752613BB270053A524 /* Sources */,
				9DABFB762613BB270053A524 /* Frameworks */,
				9DABFB772613BB270053A524 /* Resources */,
			);
			buildRules = (
			);
			dependencies = (
			);
			name = HackwichNine;
			productName = HackwichNine;
			productReference = 9DABFB792613BB270053A524 /* HackwichNine.app */;
			productType = "com.apple.product-type.application";
		};
		9DABFB912613BB270053A524 /* HackwichNineTests */ = {
			isa = PBXNativeTarget;
			buildConfigurationList = 9DABFBA92613BB270053A524 /* Build configuration list for PBXNativeTarget "HackwichNineTests" */;
			buildPhases = (
				9DABFB8E2613BB270053A524 /* Sources */,
				9DABFB8F2613BB270053A524 /* Frameworks */,
				9DABFB902613BB270053A524 /* Resources */,
			);
			buildRules = (
			);
			dependencies = (
				9DABFB942613BB270053A524 /* PBXTargetDependency */,
			);
			name = HackwichNineTests;
			productName = HackwichNineTests;
			productReference = 9DABFB922613BB270053A524 /* HackwichNineTests.xctest */;
			productType = "com.apple.product-type.bundle.unit-test";
		};
		9DABFB9C2613BB270053A524 /* HackwichNineUITests */ = {
			isa = PBXNativeTarget;
			buildConfigurationList = 9DABFBAC2613BB270053A524 /* Build configuration list for PBXNativeTarget "HackwichNineUITests" */;
			buildPhases = (
				9DABFB992613BB270053A524 /* Sources */,
				9DABFB9A2613BB270053A524 /* Frameworks */,
				9DABFB9B2613BB270053A524 /* Resources */,
			);
			buildRules = (
			);
			dependencies = (
				9DABFB9F2613BB270053A524 /* PBXTargetDependency */,
			);
			name = HackwichNineUITests;
			productName = HackwichNineUITests;
			productReference = 9DABFB9D2613BB270053A524 /* HackwichNineUITests.xctest */;
			productType = "com.apple.product-type.bundle.ui-testing";
		};
/* End PBXNativeTarget section */

/* Begin PBXProject section */
		9DABFB712613BB270053A524 /* Project object */ = {
			isa = PBXProject;
			attributes = {
				LastSwiftUpdateCheck = 1240;
				LastUpgradeCheck = 1240;
				TargetAttributes = {
					9DABFB782613BB270053A524 = {
						CreatedOnToolsVersion = 12.4;
					};
					9DABFB912613BB270053A524 = {
						CreatedOnToolsVersion = 12.4;
						TestTargetID = 9DABFB782613BB270053A524;
					};
					9DABFB9C2613BB270053A524 = {
						CreatedOnToolsVersion = 12.4;
						TestTargetID = 9DABFB782613BB270053A524;
					};
				};
			};
			buildConfigurationList = 9DABFB742613BB270053A524 /* Build configuration list for PBXProject "HackwichNine" */;
			compatibilityVersion = "Xcode 9.3";
			developmentRegion = en;
			hasScannedForEncodings = 0;
			knownRegions = (
				en,
				Base,
			);
			mainGroup = 9DABFB702613BB270053A524;
			productRefGroup = 9DABFB7A2613BB270053A524 /* Products */;
			projectDirPath = "";
			projectRoot = "";
			targets = (
				9DABFB782613BB270053A524 /* HackwichNine */,
				9DABFB912613BB270053A524 /* HackwichNineTests */,
				9DABFB9C2613BB270053A524 /* HackwichNineUITests */,
			);
		};
/* End PBXProject section */

/* Begin PBXResourcesBuildPhase section */
		9DABFB772613BB270053A524 /* Resources */ = {
			isa = PBXResourcesBuildPhase;
			buildActionMask = 2147483647;
			files = (
				9DABFB8C2613BB270053A524 /* LaunchScreen.storyboard in Resources */,
				9DABFB892613BB270053A524 /* Assets.xcassets in Resources */,
				9DABFB842613BB270053A524 /* Main.storyboard in Resources */,
			);
			runOnlyForDeploymentPostprocessing = 0;
		};
		9DABFB902613BB270053A524 /* Resources */ = {
			isa = PBXResourcesBuildPhase;
			buildActionMask = 2147483647;
			files = (
			);
			runOnlyForDeploymentPostprocessing = 0;
		};
		9DABFB9B2613BB270053A524 /* Resources */ = {
			isa = PBXResourcesBuildPhase;
			buildActionMask = 2147483647;
			files = (
			);
			runOnlyForDeploymentPostprocessing = 0;
		};
/* End PBXResourcesBuildPhase section */

/* Begin PBXSourcesBuildPhase section */
		9DABFB752613BB270053A524 /* Sources */ = {
			isa = PBXSourcesBuildPhase;
			buildActionMask = 2147483647;
			files = (
				9DABFB812613BB270053A524 /* ViewController.swift in Sources */,
				9DABFB872613BB270053A524 /* HackwichNine.xcdatamodeld in Sources */,
				9DABFB7D2613BB270053A524 /* AppDelegate.swift in Sources */,
				9DABFB7F2613BB270053A524 /* SceneDelegate.swift in Sources */,
			);
			runOnlyForDeploymentPostprocessing = 0;
		};
		9DABFB8E2613BB270053A524 /* Sources */ = {
			isa = PBXSourcesBuildPhase;
			buildActionMask = 2147483647;
			files = (
				9DABFB972613BB270053A524 /* HackwichNineTests.swift in Sources */,
			);
			runOnlyForDeploymentPostprocessing = 0;
		};
		9DABFB992613BB270053A524 /* Sources */ = {
			isa = PBXSourcesBuildPhase;
			buildActionMask = 2147483647;
			files = (
				9DABFBA22613BB270053A524 /* HackwichNineUITests.swift in Sources */,
			);
			runOnlyForDeploymentPostprocessing = 0;
		};
/* End PBXSourcesBuildPhase section */

/* Begin PBXTargetDependency section */
		9DABFB942613BB270053A524 /* PBXTargetDependency */ = {
			isa = PBXTargetDependency;
			target = 9DABFB782613BB270053A524 /* HackwichNine */;
			targetProxy = 9DABFB932613BB270053A524 /* PBXContainerItemProxy */;
		};
		9DABFB9F2613BB270053A524 /* PBXTargetDependency */ = {
			isa = PBXTargetDependency;
			target = 9DABFB782613BB270053A524 /* HackwichNine */;
			targetProxy = 9DABFB9E2613BB270053A524 /* PBXContainerItemProxy */;
		};
/* End PBXTargetDependency section */

/* Begin PBXVariantGroup section */
		9DABFB822613BB270053A524 /* Main.storyboard */ = {
			isa = PBXVariantGroup;
			children = (
				9DABFB832613BB270053A524 /* Base */,
			);
			name = Main.storyboard;
			sourceTree = "<group>";
		};
		9DABFB8A2613BB270053A524 /* LaunchScreen.storyboard */ = {
			isa = PBXVariantGroup;
			children = (
				9DABFB8B2613BB270053A524 /* Base */,
			);
			name = LaunchScreen.storyboard;
			sourceTree = "<group>";
		};
/* End PBXVariantGroup section */

/* Begin XCBuildConfiguration section */
		9DABFBA42613BB270053A524 /* Debug */ = {
			isa = XCBuildConfiguration;
			buildSettings = {
				ALWAYS_SEARCH_USER_PATHS = NO;
				CLANG_ANALYZER_NONNULL = YES;
				CLANG_ANALYZER_NUMBER_OBJECT_CONVERSION = YES_AGGRESSIVE;
				CLANG_CXX_LANGUAGE_STANDARD = "gnu++14";
				CLANG_CXX_LIBRARY = "libc++";
				CLANG_ENABLE_MODULES = YES;
				CLANG_ENABLE_OBJC_ARC = YES;
				CLANG_ENABLE_OBJC_WEAK = YES;
				CLANG_WARN_BLOCK_CAPTURE_AUTORELEASING = YES;
				CLANG_WARN_BOOL_CONVERSION = YES;
				CLANG_WARN_COMMA = YES;
				CLANG_WARN_CONSTANT_CONVERSION = YES;
				CLANG_WARN_DEPRECATED_OBJC_IMPLEMENTATIONS = YES;
				CLANG_WARN_DIRECT_OBJC_ISA_USAGE = YES_ERROR;
				CLANG_WARN_DOCUMENTATION_COMMENTS = YES;
				CLANG_WARN_EMPTY_BODY = YES;
				CLANG_WARN_ENUM_CONVERSION = YES;
				CLANG_WARN_INFINITE_RECURSION = YES;
				CLANG_WARN_INT_CONVERSION = YES;
				CLANG_WARN_NON_LITERAL_NULL_CONVERSION = YES;
				CLANG_WARN_OBJC_IMPLICIT_RETAIN_SELF = YES;
				CLANG_WARN_OBJC_LITERAL_CONVERSION = YES;
				CLANG_WARN_OBJC_ROOT_CLASS = YES_ERROR;
				CLANG_WARN_QUOTED_INCLUDE_IN_FRAMEWORK_HEADER = YES;
				CLANG_WARN_RANGE_LOOP_ANALYSIS = YES;
				CLANG_WARN_STRICT_PROTOTYPES = YES;
				CLANG_WARN_SUSPICIOUS_MOVE = YES;
				CLANG_WARN_UNGUARDED_AVAILABILITY = YES_AGGRESSIVE;
				CLANG_WARN_UNREACHABLE_CODE = YES;
				CLANG_WARN__DUPLICATE_METHOD_MATCH = YES;
				COPY_PHASE_STRIP = NO;
				DEBUG_INFORMATION_FORMAT = dwarf;
				ENABLE_STRICT_OBJC_MSGSEND = YES;
				ENABLE_TESTABILITY = YES;
				GCC_C_LANGUAGE_STANDARD = gnu11;
				GCC_DYNAMIC_NO_PIC = NO;
				GCC_NO_COMMON_BLOCKS = YES;
				GCC_OPTIMIZATION_LEVEL = 0;
				GCC_PREPROCESSOR_DEFINITIONS = (
					"DEBUG=1",
					"$(inherited)",
				);
				GCC_WARN_64_TO_32_BIT_CONVERSION = YES;
				GCC_WARN_ABOUT_RETURN_TYPE = YES_ERROR;
				GCC_WARN_UNDECLARED_SELECTOR = YES;
				GCC_WARN_UNINITIALIZED_AUTOS = YES_AGGRESSIVE;
				GCC_WARN_UNUSED_FUNCTION = YES;
				GCC_WARN_UNUSED_VARIABLE = YES;
				IPHONEOS_DEPLOYMENT_TARGET = 14.4;
				MTL_ENABLE_DEBUG_INFO = INCLUDE_SOURCE;
				MTL_FAST_MATH = YES;
				ONLY_ACTIVE_ARCH = YES;
				SDKROOT = iphoneos;
				SWIFT_ACTIVE_COMPILATION_CONDITIONS = DEBUG;
				SWIFT_OPTIMIZATION_LEVEL = "-Onone";
			};
			name = Debug;
		};
		9DABFBA52613BB270053A524 /* Release */ = {
			isa = XCBuildConfiguration;
			buildSettings = {
				ALWAYS_SEARCH_USER_PATHS = NO;
				CLANG_ANALYZER_NONNULL = YES;
				CLANG_ANALYZER_NUMBER_OBJECT_CONVERSION = YES_AGGRESSIVE;
				CLANG_CXX_LANGUAGE_STANDARD = "gnu++14";
				CLANG_CXX_LIBRARY = "libc++";
				CLANG_ENABLE_MODULES = YES;
				CLANG_ENABLE_OBJC_ARC = YES;
				CLANG_ENABLE_OBJC_WEAK = YES;
				CLANG_WARN_BLOCK_CAPTURE_AUTORELEASING = YES;
				CLANG_WARN_BOOL_CONVERSION = YES;
				CLANG_WARN_COMMA = YES;
				CLANG_WARN_CONSTANT_CONVERSION = YES;
				CLANG_WARN_DEPRECATED_OBJC_IMPLEMENTATIONS = YES;
				CLANG_WARN_DIRECT_OBJC_ISA_USAGE = YES_ERROR;
				CLANG_WARN_DOCUMENTATION_COMMENTS = YES;
				CLANG_WARN_EMPTY_BODY = YES;
				CLANG_WARN_ENUM_CONVERSION = YES;
				CLANG_WARN_INFINITE_RECURSION = YES;
				CLANG_WARN_INT_CONVERSION = YES;
				CLANG_WARN_NON_LITERAL_NULL_CONVERSION = YES;
				CLANG_WARN_OBJC_IMPLICIT_RETAIN_SELF = YES;
				CLANG_WARN_OBJC_LITERAL_CONVERSION = YES;
				CLANG_WARN_OBJC_ROOT_CLASS = YES_ERROR;
				CLANG_WARN_QUOTED_INCLUDE_IN_FRAMEWORK_HEADER = YES;
				CLANG_WARN_RANGE_LOOP_ANALYSIS = YES;
				CLANG_WARN_STRICT_PROTOTYPES = YES;
				CLANG_WARN_SUSPICIOUS_MOVE = YES;
				CLANG_WARN_UNGUARDED_AVAILABILITY = YES_AGGRESSIVE;
				CLANG_WARN_UNREACHABLE_CODE = YES;
				CLANG_WARN__DUPLICATE_METHOD_MATCH = YES;
				COPY_PHASE_STRIP = NO;
				DEBUG_INFORMATION_FORMAT = "dwarf-with-dsym";
				ENABLE_NS_ASSERTIONS = NO;
				ENABLE_STRICT_OBJC_MSGSEND = YES;
				GCC_C_LANGUAGE_STANDARD = gnu11;
				GCC_NO_COMMON_BLOCKS = YES;
				GCC_WARN_64_TO_32_BIT_CONVERSION = YES;
				GCC_WARN_ABOUT_RETURN_TYPE = YES_ERROR;
				GCC_WARN_UNDECLARED_SELECTOR = YES;
				GCC_WARN_UNINITIALIZED_AUTOS = YES_AGGRESSIVE;
				GCC_WARN_UNUSED_FUNCTION = YES;
				GCC_WARN_UNUSED_VARIABLE = YES;
				IPHONEOS_DEPLOYMENT_TARGET = 14.4;
				MTL_ENABLE_DEBUG_INFO = NO;
				MTL_FAST_MATH = YES;
				SDKROOT = iphoneos;
				SWIFT_COMPILATION_MODE = wholemodule;
				SWIFT_OPTIMIZATION_LEVEL = "-O";
				VALIDATE_PRODUCT = YES;
			};
			name = Release;
		};
		9DABFBA72613BB270053A524 /* Debug */ = {
			isa = XCBuildConfiguration;
			buildSettings = {
				ASSETCATALOG_COMPILER_APPICON_NAME = AppIcon;
				ASSETCATALOG_COMPILER_GLOBAL_ACCENT_COLOR_NAME = AccentColor;
				CODE_SIGN_STYLE = Automatic;
				DEVELOPMENT_TEAM = 497KL9CLYY;
				INFOPLIST_FILE = HackwichNine/Info.plist;
				LD_RUNPATH_SEARCH_PATHS = (
					"$(inherited)",
					"@executable_path/Frameworks",
				);
				PRODUCT_BUNDLE_IDENTIFIER = UHWO.HackwichNine;
				PRODUCT_NAME = "$(TARGET_NAME)";
				SWIFT_VERSION = 5.0;
				TARGETED_DEVICE_FAMILY = "1,2";
			};
			name = Debug;
		};
		9DABFBA82613BB270053A524 /* Release */ = {
			isa = XCBuildConfiguration;
			buildSettings = {
				ASSETCATALOG_COMPILER_APPICON_NAME = AppIcon;
				ASSETCATALOG_COMPILER_GLOBAL_ACCENT_COLOR_NAME = AccentColor;
				CODE_SIGN_STYLE = Automatic;
				DEVELOPMENT_TEAM = 497KL9CLYY;
				INFOPLIST_FILE = HackwichNine/Info.plist;
				LD_RUNPATH_SEARCH_PATHS = (
					"$(inherited)",
					"@executable_path/Frameworks",
				);
				PRODUCT_BUNDLE_IDENTIFIER = UHWO.HackwichNine;
				PRODUCT_NAME = "$(TARGET_NAME)";
				SWIFT_VERSION = 5.0;
				TARGETED_DEVICE_FAMILY = "1,2";
			};
			name = Release;
		};
		9DABFBAA2613BB270053A524 /* Debug */ = {
			isa = XCBuildConfiguration;
			buildSettings = {
				ALWAYS_EMBED_SWIFT_STANDARD_LIBRARIES = YES;
				BUNDLE_LOADER = "$(TEST_HOST)";
				CODE_SIGN_STYLE = Automatic;
				DEVELOPMENT_TEAM = 497KL9CLYY;
				INFOPLIST_FILE = HackwichNineTests/Info.plist;
				IPHONEOS_DEPLOYMENT_TARGET = 14.4;
				LD_RUNPATH_SEARCH_PATHS = (
					"$(inherited)",
					"@executable_path/Frameworks",
					"@loader_path/Frameworks",
				);
				PRODUCT_BUNDLE_IDENTIFIER = UHWO.HackwichNineTests;
				PRODUCT_NAME = "$(TARGET_NAME)";
				SWIFT_VERSION = 5.0;
				TARGETED_DEVICE_FAMILY = "1,2";
				TEST_HOST = "$(BUILT_PRODUCTS_DIR)/HackwichNine.app/HackwichNine";
			};
			name = Debug;
		};
		9DABFBAB2613BB270053A524 /* Release */ = {
			isa = XCBuildConfiguration;
			buildSettings = {
				ALWAYS_EMBED_SWIFT_STANDARD_LIBRARIES = YES;
				BUNDLE_LOADER = "$(TEST_HOST)";
				CODE_SIGN_STYLE = Automatic;
				DEVELOPMENT_TEAM = 497KL9CLYY;
				INFOPLIST_FILE = HackwichNineTests/Info.plist;
				IPHONEOS_DEPLOYMENT_TARGET = 14.4;
				LD_RUNPATH_SEARCH_PATHS = (
					"$(inherited)",
					"@executable_path/Frameworks",
					"@loader_path/Frameworks",
				);
				PRODUCT_BUNDLE_IDENTIFIER = UHWO.HackwichNineTests;
				PRODUCT_NAME = "$(TARGET_NAME)";
				SWIFT_VERSION = 5.0;
				TARGETED_DEVICE_FAMILY = "1,2";
				TEST_HOST = "$(BUILT_PRODUCTS_DIR)/HackwichNine.app/HackwichNine";
			};
			name = Release;
		};
		9DABFBAD2613BB270053A524 /* Debug */ = {
			isa = XCBuildConfiguration;
			buildSettings = {
				ALWAYS_EMBED_SWIFT_STANDARD_LIBRARIES = YES;
				CODE_SIGN_STYLE = Automatic;
				DEVELOPMENT_TEAM = 497KL9CLYY;
				INFOPLIST_FILE = HackwichNineUITests/Info.plist;
				LD_RUNPATH_SEARCH_PATHS = (
					"$(inherited)",
					"@executable_path/Frameworks",
					"@loader_path/Frameworks",
				);
				PRODUCT_BUNDLE_IDENTIFIER = UHWO.HackwichNineUITests;
				PRODUCT_NAME = "$(TARGET_NAME)";
				SWIFT_VERSION = 5.0;
				TARGETED_DEVICE_FAMILY = "1,2";
				TEST_TARGET_NAME = HackwichNine;
			};
			name = Debug;
		};
		9DABFBAE2613BB270053A524 /* Release */ = {
			isa = XCBuildConfiguration;
			buildSettings = {
				ALWAYS_EMBED_SWIFT_STANDARD_LIBRARIES = YES;
				CODE_SIGN_STYLE = Automatic;
				DEVELOPMENT_TEAM = 497KL9CLYY;
				INFOPLIST_FILE = HackwichNineUITests/Info.plist;
				LD_RUNPATH_SEARCH_PATHS = (
					"$(inherited)",
					"@executable_path/Frameworks",
					"@loader_path/Frameworks",
				);
				PRODUCT_BUNDLE_IDENTIFIER = UHWO.HackwichNineUITests;
				PRODUCT_NAME = "$(TARGET_NAME)";
				SWIFT_VERSION = 5.0;
				TARGETED_DEVICE_FAMILY = "1,2";
				TEST_TARGET_NAME = HackwichNine;
			};
			name = Release;
		};
/* End XCBuildConfiguration section */

/* Begin XCConfigurationList section */
		9DABFB742613BB270053A524 /* Build configuration list for PBXProject "HackwichNine" */ = {
			isa = XCConfigurationList;
			buildConfigurations = (
				9DABFBA42613BB270053A524 /* Debug */,
				9DABFBA52613BB270053A524 /* Release */,
			);
			defaultConfigurationIsVisible = 0;
			defaultConfigurationName = Release;
		};
		9DABFBA62613BB270053A524 /* Build configuration list for PBXNativeTarget "HackwichNine" */ = {
			isa = XCConfigurationList;
			buildConfigurations = (
				9DABFBA72613BB270053A524 /* Debug */,
				9DABFBA82613BB270053A524 /* Release */,
			);
			defaultConfigurationIsVisible = 0;
			defaultConfigurationName = Release;
		};
		9DABFBA92613BB270053A524 /* Build configuration list for PBXNativeTarget "HackwichNineTests" */ = {
			isa = XCConfigurationList;
			buildConfigurations = (
				9DABFBAA2613BB270053A524 /* Debug */,
				9DABFBAB2613BB270053A524 /* Release */,
			);
			defaultConfigurationIsVisible = 0;
			defaultConfigurationName = Release;
		};
		9DABFBAC2613BB270053A524 /* Build configuration list for PBXNativeTarget "HackwichNineUITests" */ = {
			isa = XCConfigurationList;
			buildConfigurations = (
				9DABFBAD2613BB270053A524 /* Debug */,
				9DABFBAE2613BB270053A524 /* Release */,
			);
			defaultConfigurationIsVisible = 0;
			defaultConfigurationName = Release;
		};
/* End XCConfigurationList section */

/* Begin XCVersionGroup section */
		9DABFB852613BB270053A524 /* HackwichNine.xcdatamodeld */ = {
			isa = XCVersionGroup;
			children = (
				9DABFB862613BB270053A524 /* HackwichNine.xcdatamodel */,
			);
			currentVersion = 9DABFB862613BB270053A524 /* HackwichNine.xcdatamodel */;
			path = HackwichNine.xcdatamodeld;
			sourceTree = "<group>";
			versionGroupType = wrapper.xcdatamodel;
		};
/* End XCVersionGroup section */
	};
	rootObject = 9DABFB712613BB270053A524 /* Project object */;
}
